// !$*UTF8*$!
{
	archiveVersion = 1;
	classes = {
	};
	objectVersion = 46;
	objects = {

/* Begin PBXBuildFile section */
		2448EC20DA3C1D5276B5B2DD /* Pods_PhotoTagger.framework in Frameworks */ = {isa = PBXBuildFile; fileRef = 1E47EC03CE9A78EB51F62B51 /* Pods_PhotoTagger.framework */; };
		47043AB81DAF973100B28CEA /* README.md in Sources */ = {isa = PBXBuildFile; fileRef = 47043AB71DAF973100B28CEA /* README.md */; };
		478473051DB3DC5900CE5C28 /* ImaggaRouter.swift in Sources */ = {isa = PBXBuildFile; fileRef = 478473041DB3DC5900CE5C28 /* ImaggaRouter.swift */; };
		478473071DB3ED1300CE5C28 /* result.gif in Resources */ = {isa = PBXBuildFile; fileRef = 478473061DB3ED1300CE5C28 /* result.gif */; };
		932ED1F71BF9390D0072C1C4 /* PhotoColor.swift in Sources */ = {isa = PBXBuildFile; fileRef = 932ED1F61BF9390D0072C1C4 /* PhotoColor.swift */; };
		932ED1F91BF944590072C1C4 /* TagsColorsViewController.swift in Sources */ = {isa = PBXBuildFile; fileRef = 932ED1F81BF944590072C1C4 /* TagsColorsViewController.swift */; };
		932ED1FB1BF9459E0072C1C4 /* TagsColorsTableViewController.swift in Sources */ = {isa = PBXBuildFile; fileRef = 932ED1FA1BF9459E0072C1C4 /* TagsColorsTableViewController.swift */; };
		93EF0CA41BF41DA20051B5B1 /* AppDelegate.swift in Sources */ = {isa = PBXBuildFile; fileRef = 93EF0CA31BF41DA20051B5B1 /* AppDelegate.swift */; };
		93EF0CA61BF41DA20051B5B1 /* ViewController.swift in Sources */ = {isa = PBXBuildFile; fileRef = 93EF0CA51BF41DA20051B5B1 /* ViewController.swift */; };
		93EF0CA91BF41DA20051B5B1 /* Main.storyboard in Resources */ = {isa = PBXBuildFile; fileRef = 93EF0CA71BF41DA20051B5B1 /* Main.storyboard */; };
		93EF0CAB1BF41DA20051B5B1 /* Assets.xcassets in Resources */ = {isa = PBXBuildFile; fileRef = 93EF0CAA1BF41DA20051B5B1 /* Assets.xcassets */; };
		93EF0CAE1BF41DA20051B5B1 /* LaunchScreen.storyboard in Resources */ = {isa = PBXBuildFile; fileRef = 93EF0CAC1BF41DA20051B5B1 /* LaunchScreen.storyboard */; };
/* End PBXBuildFile section */

/* Begin PBXFileReference section */
		1E47EC03CE9A78EB51F62B51 /* Pods_PhotoTagger.framework */ = {isa = PBXFileReference; explicitFileType = wrapper.framework; includeInIndex = 0; path = Pods_PhotoTagger.framework; sourceTree = BUILT_PRODUCTS_DIR; };
		47043AB71DAF973100B28CEA /* README.md */ = {isa = PBXFileReference; fileEncoding = 4; lastKnownFileType = net.daringfireball.markdown; path = README.md; sourceTree = SOURCE_ROOT; };
		478473041DB3DC5900CE5C28 /* ImaggaRouter.swift */ = {isa = PBXFileReference; fileEncoding = 4; lastKnownFileType = sourcecode.swift; path = ImaggaRouter.swift; sourceTree = "<group>"; };
		478473061DB3ED1300CE5C28 /* result.gif */ = {isa = PBXFileReference; lastKnownFileType = image.gif; path = result.gif; sourceTree = SOURCE_ROOT; };
		932ED1F61BF9390D0072C1C4 /* PhotoColor.swift */ = {isa = PBXFileReference; fileEncoding = 4; lastKnownFileType = sourcecode.swift; path = PhotoColor.swift; sourceTree = "<group>"; };
		932ED1F81BF944590072C1C4 /* TagsColorsViewController.swift */ = {isa = PBXFileReference; fileEncoding = 4; lastKnownFileType = sourcecode.swift; path = TagsColorsViewController.swift; sourceTree = "<group>"; };
		932ED1FA1BF9459E0072C1C4 /* TagsColorsTableViewController.swift */ = {isa = PBXFileReference; fileEncoding = 4; lastKnownFileType = sourcecode.swift; path = TagsColorsTableViewController.swift; sourceTree = "<group>"; };
		93EF0CA01BF41DA20051B5B1 /* PhotoTagger.app */ = {isa = PBXFileReference; explicitFileType = wrapper.application; includeInIndex = 0; path = PhotoTagger.app; sourceTree = BUILT_PRODUCTS_DIR; };
		93EF0CA31BF41DA20051B5B1 /* AppDelegate.swift */ = {isa = PBXFileReference; lastKnownFileType = sourcecode.swift; path = AppDelegate.swift; sourceTree = "<group>"; };
		93EF0CA51BF41DA20051B5B1 /* ViewController.swift */ = {isa = PBXFileReference; lastKnownFileType = sourcecode.swift; path = ViewController.swift; sourceTree = "<group>"; };
		93EF0CA81BF41DA20051B5B1 /* Base */ = {isa = PBXFileReference; lastKnownFileType = file.storyboard; name = Base; path = Base.lproj/Main.storyboard; sourceTree = "<group>"; };
		93EF0CAA1BF41DA20051B5B1 /* Assets.xcassets */ = {isa = PBXFileReference; lastKnownFileType = folder.assetcatalog; path = Assets.xcassets; sourceTree = "<group>"; };
		93EF0CAD1BF41DA20051B5B1 /* Base */ = {isa = PBXFileReference; lastKnownFileType = file.storyboard; name = Base; path = Base.lproj/LaunchScreen.storyboard; sourceTree = "<group>"; };
		93EF0CAF1BF41DA20051B5B1 /* Info.plist */ = {isa = PBXFileReference; lastKnownFileType = text.plist.xml; path = Info.plist; sourceTree = "<group>"; };
		A40E4481CFCB89BA39AC1D5A /* Pods-PhotoTagger.debug.xcconfig */ = {isa = PBXFileReference; includeInIndex = 1; lastKnownFileType = text.xcconfig; name = "Pods-PhotoTagger.debug.xcconfig"; path = "Pods/Target Support Files/Pods-PhotoTagger/Pods-PhotoTagger.debug.xcconfig"; sourceTree = "<group>"; };
		EAD062C622F0FE10D6839464 /* Pods-PhotoTagger.release.xcconfig */ = {isa = PBXFileReference; includeInIndex = 1; lastKnownFileType = text.xcconfig; name = "Pods-PhotoTagger.release.xcconfig"; path = "Pods/Target Support Files/Pods-PhotoTagger/Pods-PhotoTagger.release.xcconfig"; sourceTree = "<group>"; };
/* End PBXFileReference section */

/* Begin PBXFrameworksBuildPhase section */
		93EF0C9D1BF41DA20051B5B1 /* Frameworks */ = {
			isa = PBXFrameworksBuildPhase;
			buildActionMask = 2147483647;
			files = (
				2448EC20DA3C1D5276B5B2DD /* Pods_PhotoTagger.framework in Frameworks */,
			);
			runOnlyForDeploymentPostprocessing = 0;
		};
/* End PBXFrameworksBuildPhase section */

/* Begin PBXGroup section */
		316071A8DDA5B4E6251A8D70 /* Frameworks */ = {
			isa = PBXGroup;
			children = (
				1E47EC03CE9A78EB51F62B51 /* Pods_PhotoTagger.framework */,
			);
			name = Frameworks;
			sourceTree = "<group>";
		};
		93EF0C971BF41DA20051B5B1 = {
			isa = PBXGroup;
			children = (
				93EF0CA21BF41DA20051B5B1 /* PhotoTagger */,
				93EF0CA11BF41DA20051B5B1 /* Products */,
				316071A8DDA5B4E6251A8D70 /* Frameworks */,
				A6937FF11A90DF478655E961 /* Pods */,
			);
			indentWidth = 2;
			sourceTree = "<group>";
			tabWidth = 2;
		};
		93EF0CA11BF41DA20051B5B1 /* Products */ = {
			isa = PBXGroup;
			children = (
				93EF0CA01BF41DA20051B5B1 /* PhotoTagger.app */,
			);
			name = Products;
			sourceTree = "<group>";
		};
		93EF0CA21BF41DA20051B5B1 /* PhotoTagger */ = {
			isa = PBXGroup;
			children = (
				478473061DB3ED1300CE5C28 /* result.gif */,
				47043AB71DAF973100B28CEA /* README.md */,
				93EF0CA31BF41DA20051B5B1 /* AppDelegate.swift */,
				93EF0CAA1BF41DA20051B5B1 /* Assets.xcassets */,
				93EF0CAF1BF41DA20051B5B1 /* Info.plist */,
				93EF0CAC1BF41DA20051B5B1 /* LaunchScreen.storyboard */,
				93EF0CA71BF41DA20051B5B1 /* Main.storyboard */,
				932ED1F61BF9390D0072C1C4 /* PhotoColor.swift */,
				932ED1FA1BF9459E0072C1C4 /* TagsColorsTableViewController.swift */,
				932ED1F81BF944590072C1C4 /* TagsColorsViewController.swift */,
				93EF0CA51BF41DA20051B5B1 /* ViewController.swift */,
				478473041DB3DC5900CE5C28 /* ImaggaRouter.swift */,
			);
			path = PhotoTagger;
			sourceTree = "<group>";
		};
		A6937FF11A90DF478655E961 /* Pods */ = {
			isa = PBXGroup;
			children = (
				A40E4481CFCB89BA39AC1D5A /* Pods-PhotoTagger.debug.xcconfig */,
				EAD062C622F0FE10D6839464 /* Pods-PhotoTagger.release.xcconfig */,
			);
			name = Pods;
			sourceTree = "<group>";
		};
/* End PBXGroup section */

/* Begin PBXNativeTarget section */
		93EF0C9F1BF41DA20051B5B1 /* PhotoTagger */ = {
			isa = PBXNativeTarget;
			buildConfigurationList = 93EF0CB21BF41DA20051B5B1 /* Build configuration list for PBXNativeTarget "PhotoTagger" */;
			buildPhases = (
				53DBE9B6B542F3A20CF1025B /* [CP] Check Pods Manifest.lock */,
				93EF0C9C1BF41DA20051B5B1 /* Sources */,
				93EF0C9D1BF41DA20051B5B1 /* Frameworks */,
				93EF0C9E1BF41DA20051B5B1 /* Resources */,
				A85903D887020C7851E555C6 /* [CP] Embed Pods Frameworks */,
				31E906A3D52E380987C84D83 /* [CP] Copy Pods Resources */,
			);
			buildRules = (
			);
			dependencies = (
			);
			name = PhotoTagger;
			productName = PhotoTagger;
			productReference = 93EF0CA01BF41DA20051B5B1 /* PhotoTagger.app */;
			productType = "com.apple.product-type.application";
		};
/* End PBXNativeTarget section */

/* Begin PBXProject section */
		93EF0C981BF41DA20051B5B1 /* Project object */ = {
			isa = PBXProject;
			attributes = {
				LastSwiftUpdateCheck = 0710;
				LastUpgradeCheck = 0710;
				ORGANIZATIONNAME = "Razeware LLC";
				TargetAttributes = {
					93EF0C9F1BF41DA20051B5B1 = {
						CreatedOnToolsVersion = 7.1.1;
						DevelopmentTeam = W37SS4V7GD;
						LastSwiftMigration = 0800;
					};
				};
			};
			buildConfigurationList = 93EF0C9B1BF41DA20051B5B1 /* Build configuration list for PBXProject "PhotoTagger" */;
			compatibilityVersion = "Xcode 3.2";
			developmentRegion = English;
			hasScannedForEncodings = 0;
			knownRegions = (
				en,
				Base,
			);
			mainGroup = 93EF0C971BF41DA20051B5B1;
			productRefGroup = 93EF0CA11BF41DA20051B5B1 /* Products */;
			projectDirPath = "";
			projectRoot = "";
			targets = (
				93EF0C9F1BF41DA20051B5B1 /* PhotoTagger */,
			);
		};
/* End PBXProject section */

/* Begin PBXResourcesBuildPhase section */
		93EF0C9E1BF41DA20051B5B1 /* Resources */ = {
			isa = PBXResourcesBuildPhase;
			buildActionMask = 2147483647;
			files = (
				93EF0CAE1BF41DA20051B5B1 /* LaunchScreen.storyboard in Resources */,
				478473071DB3ED1300CE5C28 /* result.gif in Resources */,
				93EF0CAB1BF41DA20051B5B1 /* Assets.xcassets in Resources */,
				93EF0CA91BF41DA20051B5B1 /* Main.storyboard in Resources */,
			);
			runOnlyForDeploymentPostprocessing = 0;
		};
/* End PBXResourcesBuildPhase section */

/* Begin PBXShellScriptBuildPhase section */
		31E906A3D52E380987C84D83 /* [CP] Copy Pods Resources */ = {
			isa = PBXShellScriptBuildPhase;
			buildActionMask = 2147483647;
			files = (
			);
			inputPaths = (
			);
			name = "[CP] Copy Pods Resources";
			outputPaths = (
			);
			runOnlyForDeploymentPostprocessing = 0;
			shellPath = /bin/sh;
			shellScript = "\"${SRCROOT}/Pods/Target Support Files/Pods-PhotoTagger/Pods-PhotoTagger-resources.sh\"\n";
			showEnvVarsInLog = 0;
		};
		53DBE9B6B542F3A20CF1025B /* [CP] Check Pods Manifest.lock */ = {
			isa = PBXShellScriptBuildPhase;
			buildActionMask = 2147483647;
			files = (
			);
			inputPaths = (
			);
			name = "[CP] Check Pods Manifest.lock";
			outputPaths = (
			);
			runOnlyForDeploymentPostprocessing = 0;
			shellPath = /bin/sh;
			shellScript = "diff \"${PODS_ROOT}/../Podfile.lock\" \"${PODS_ROOT}/Manifest.lock\" > /dev/null\nif [[ $? != 0 ]] ; then\n    cat << EOM\nerror: The sandbox is not in sync with the Podfile.lock. Run 'pod install' or update your CocoaPods installation.\nEOM\n    exit 1\nfi\n";
			showEnvVarsInLog = 0;
		};
		A85903D887020C7851E555C6 /* [CP] Embed Pods Frameworks */ = {
			isa = PBXShellScriptBuildPhase;
			buildActionMask = 2147483647;
			files = (
			);
			inputPaths = (
			);
			name = "[CP] Embed Pods Frameworks";
			outputPaths = (
			);
			runOnlyForDeploymentPostprocessing = 0;
			shellPath = /bin/sh;
			shellScript = "\"${SRCROOT}/Pods/Target Support Files/Pods-PhotoTagger/Pods-PhotoTagger-frameworks.sh\"\n";
			showEnvVarsInLog = 0;
		};
/* End PBXShellScriptBuildPhase section */

/* Begin PBXSourcesBuildPhase section */
		93EF0C9C1BF41DA20051B5B1 /* Sources */ = {
			isa = PBXSourcesBuildPhase;
			buildActionMask = 2147483647;
			files = (
				47043AB81DAF973100B28CEA /* README.md in Sources */,
				932ED1F71BF9390D0072C1C4 /* PhotoColor.swift in Sources */,
				932ED1F91BF944590072C1C4 /* TagsColorsViewController.swift in Sources */,
				932ED1FB1BF9459E0072C1C4 /* TagsColorsTableViewController.swift in Sources */,
				478473051DB3DC5900CE5C28 /* ImaggaRouter.swift in Sources */,
				93EF0CA61BF41DA20051B5B1 /* ViewController.swift in Sources */,
				93EF0CA41BF41DA20051B5B1 /* AppDelegate.swift in Sources */,
			);
			runOnlyForDeploymentPostprocessing = 0;
		};
/* End PBXSourcesBuildPhase section */

/* Begin PBXVariantGroup section */
		93EF0CA71BF41DA20051B5B1 /* Main.storyboard */ = {
			isa = PBXVariantGroup;
			children = (
				93EF0CA81BF41DA20051B5B1 /* Base */,
			);
			name = Main.storyboard;
			sourceTree = "<group>";
		};
		93EF0CAC1BF41DA20051B5B1 /* LaunchScreen.storyboard */ = {
			isa = PBXVariantGroup;
			children = (
				93EF0CAD1BF41DA20051B5B1 /* Base */,
			);
			name = LaunchScreen.storyboard;
			sourceTree = "<group>";
		};
/* End PBXVariantGroup section */

/* Begin XCBuildConfiguration section */
		93EF0CB01BF41DA20051B5B1 /* Debug */ = {
			isa = XCBuildConfiguration;
			buildSettings = {
				ALWAYS_SEARCH_USER_PATHS = NO;
				CLANG_CXX_LANGUAGE_STANDARD = "gnu++0x";
				CLANG_CXX_LIBRARY = "libc++";
				CLANG_ENABLE_MODULES = YES;
				CLANG_ENABLE_OBJC_ARC = YES;
				CLANG_WARN_BOOL_CONVERSION = YES;
				CLANG_WARN_CONSTANT_CONVERSION = YES;
				CLANG_WARN_DIRECT_OBJC_ISA_USAGE = YES_ERROR;
				CLANG_WARN_EMPTY_BODY = YES;
				CLANG_WARN_ENUM_CONVERSION = YES;
				CLANG_WARN_INT_CONVERSION = YES;
				CLANG_WARN_OBJC_ROOT_CLASS = YES_ERROR;
				CLANG_WARN_UNREACHABLE_CODE = YES;
				CLANG_WARN__DUPLICATE_METHOD_MATCH = YES;
				"CODE_SIGN_IDENTITY[sdk=iphoneos*]" = "iPhone Developer";
				COPY_PHASE_STRIP = NO;
				DEBUG_INFORMATION_FORMAT = dwarf;
				ENABLE_STRICT_OBJC_MSGSEND = YES;
				ENABLE_TESTABILITY = YES;
				GCC_C_LANGUAGE_STANDARD = gnu99;
				GCC_DYNAMIC_NO_PIC = NO;
				GCC_NO_COMMON_BLOCKS = YES;
				GCC_OPTIMIZATION_LEVEL = 0;
				GCC_PREPROCESSOR_DEFINITIONS = (
					"DEBUG=1",
					"$(inherited)",
				);
				GCC_WARN_64_TO_32_BIT_CONVERSION = YES;
				GCC_WARN_ABOUT_RETURN_TYPE = YES_ERROR;
				GCC_WARN_UNDECLARED_SELECTOR = YES;
				GCC_WARN_UNINITIALIZED_AUTOS = YES_AGGRESSIVE;
				GCC_WARN_UNUSED_FUNCTION = YES;
				GCC_WARN_UNUSED_VARIABLE = YES;
				IPHONEOS_DEPLOYMENT_TARGET = 9.1;
				MTL_ENABLE_DEBUG_INFO = YES;
				ONLY_ACTIVE_ARCH = YES;
				SDKROOT = iphoneos;
				SWIFT_OPTIMIZATION_LEVEL = "-Onone";
				TARGETED_DEVICE_FAMILY = "1,2";
			};
			name = Debug;
		};
		93EF0CB11BF41DA20051B5B1 /* Release */ = {
			isa = XCBuildConfiguration;
			buildSettings = {
				ALWAYS_SEARCH_USER_PATHS = NO;
				CLANG_CXX_LANGUAGE_STANDARD = "gnu++0x";
				CLANG_CXX_LIBRARY = "libc++";
				CLANG_ENABLE_MODULES = YES;
				CLANG_ENABLE_OBJC_ARC = YES;
				CLANG_WARN_BOOL_CONVERSION = YES;
				CLANG_WARN_CONSTANT_CONVERSION = YES;
				CLANG_WARN_DIRECT_OBJC_ISA_USAGE = YES_ERROR;
				CLANG_WARN_EMPTY_BODY = YES;
				CLANG_WARN_ENUM_CONVERSION = YES;
				CLANG_WARN_INT_CONVERSION = YES;
				CLANG_WARN_OBJC_ROOT_CLASS = YES_ERROR;
				CLANG_WARN_UNREACHABLE_CODE = YES;
				CLANG_WARN__DUPLICATE_METHOD_MATCH = YES;
				"CODE_SIGN_IDENTITY[sdk=iphoneos*]" = "iPhone Developer";
				COPY_PHASE_STRIP = NO;
				DEBUG_INFORMATION_FORMAT = "dwarf-with-dsym";
				ENABLE_NS_ASSERTIONS = NO;
				ENABLE_STRICT_OBJC_MSGSEND = YES;
				GCC_C_LANGUAGE_STANDARD = gnu99;
				GCC_NO_COMMON_BLOCKS = YES;
				GCC_WARN_64_TO_32_BIT_CONVERSION = YES;
				GCC_WARN_ABOUT_RETURN_TYPE = YES_ERROR;
				GCC_WARN_UNDECLARED_SELECTOR = YES;
				GCC_WARN_UNINITIALIZED_AUTOS = YES_AGGRESSIVE;
				GCC_WARN_UNUSED_FUNCTION = YES;
				GCC_WARN_UNUSED_VARIABLE = YES;
				IPHONEOS_DEPLOYMENT_TARGET = 9.1;
				MTL_ENABLE_DEBUG_INFO = NO;
				SDKROOT = iphoneos;
				TARGETED_DEVICE_FAMILY = "1,2";
				VALIDATE_PRODUCT = YES;
			};
			name = Release;
		};
		93EF0CB31BF41DA20051B5B1 /* Debug */ = {
			isa = XCBuildConfiguration;
			baseConfigurationReference = A40E4481CFCB89BA39AC1D5A /* Pods-PhotoTagger.debug.xcconfig */;
			buildSettings = {
				ASSETCATALOG_COMPILER_APPICON_NAME = AppIcon;
				CODE_SIGN_IDENTITY = "iPhone Developer";
				DEVELOPMENT_TEAM = W37SS4V7GD;
				INFOPLIST_FILE = PhotoTagger/Info.plist;
				LD_RUNPATH_SEARCH_PATHS = "$(inherited) @executable_path/Frameworks";
				PRODUCT_BUNDLE_IDENTIFIER = com.razeware.PhotoTagger;
				PRODUCT_NAME = "$(TARGET_NAME)";
				SWIFT_VERSION = 3.0;
			};
			name = Debug;
		};
		93EF0CB41BF41DA20051B5B1 /* Release */ = {
			isa = XCBuildConfiguration;
			baseConfigurationReference = EAD062C622F0FE10D6839464 /* Pods-PhotoTagger.release.xcconfig */;
			buildSettings = {
				ASSETCATALOG_COMPILER_APPICON_NAME = AppIcon;
				CODE_SIGN_IDENTITY = "iPhone Developer";
				DEVELOPMENT_TEAM = W37SS4V7GD;
				INFOPLIST_FILE = PhotoTagger/Info.plist;
				LD_RUNPATH_SEARCH_PATHS = "$(inherited) @executable_path/Frameworks";
				PRODUCT_BUNDLE_IDENTIFIER = com.razeware.PhotoTagger;
				PRODUCT_NAME = "$(TARGET_NAME)";
				SWIFT_VERSION = 3.0;
			};
			name = Release;
		};
/* End XCBuildConfiguration section */

/* Begin XCConfigurationList section */
		93EF0C9B1BF41DA20051B5B1 /* Build configuration list for PBXProject "PhotoTagger" */ = {
			isa = XCConfigurationList;
			buildConfigurations = (
				93EF0CB01BF41DA20051B5B1 /* Debug */,
				93EF0CB11BF41DA20051B5B1 /* Release */,
			);
			defaultConfigurationIsVisible = 0;
			defaultConfigurationName = Release;
		};
		93EF0CB21BF41DA20051B5B1 /* Build configuration list for PBXNativeTarget "PhotoTagger" */ = {
			isa = XCConfigurationList;
			buildConfigurations = (
				93EF0CB31BF41DA20051B5B1 /* Debug */,
				93EF0CB41BF41DA20051B5B1 /* Release */,
			);
			defaultConfigurationIsVisible = 0;
			defaultConfigurationName = Release;
		};
/* End XCConfigurationList section */
	};
	rootObject = 93EF0C981BF41DA20051B5B1 /* Project object */;
}
